
Microsoft Visual Studio Solution File, Format Version 12.00
# Visual Studio Version 17
VisualStudioVersion = 17.14.36705.20 d17.14
MinimumVisualStudioVersion = 10.0.40219.1
Project("{FAE04EC0-301F-11D3-BF4B-00C04F79EFBC}") = "AmazonNovaDesktop", "AmazonNovaDesktop.csproj", "{04CA1606-C872-BFCC-D963-47ABA8196697}"
EndProject
Global
	GlobalSection(SolutionConfigurationPlatforms) = preSolution
		Debug|Any CPU = Debug|Any CPU
		Release|Any CPU = Release|Any CPU
	EndGlobalSection
	GlobalSection(ProjectConfigurationPlatforms) = postSolution
		{04CA1606-C872-BFCC-D963-47ABA8196697}.Debug|Any CPU.ActiveCfg = Debug|Any CPU
		{04CA1606-C872-BFCC-D963-47ABA8196697}.Debug|Any CPU.Build.0 = Debug|Any CPU
		{04CA1606-C872-BFCC-D963-47ABA8196697}.Release|Any CPU.ActiveCfg = Release|Any CPU
		{04CA1606-C872-BFCC-D963-47ABA8196697}.Release|Any CPU.Build.0 = Release|Any CPU
	EndGlobalSection
	GlobalSection(SolutionProperties) = preSolution
		HideSolutionNode = FALSE
	EndGlobalSection
	GlobalSection(ExtensibilityGlobals) = postSolution
		SolutionGuid = {D6FF25FF-9690-43E3-B08C-2A7F8A1A7807}
	EndGlobalSection
EndGlobal
